
Microsoft Visual Studio Solution File, Format Version 12.00
# Visual Studio Version 17
VisualStudioVersion = 17.11.35312.102
MinimumVisualStudioVersion = 10.0.40219.1
Project("{9A19103F-16F7-4668-BE54-9A1E7A4F7556}") = "ProductsCrud.Api", "ProductsCrud.Api\ProductsCrud.Api.csproj", "{57FDB45C-B881-49EF-BC48-380A76AD4E25}"
EndProject
Project("{9A19103F-16F7-4668-BE54-9A1E7A4F7556}") = "ProductsCrud.Api.Test", "ProductsCrud.Api.Test\ProductsCrud.Api.Test.csproj", "{1649E9FA-4D4B-44AB-83DA-DBBA959CC254}"
EndProject
Project("{9A19103F-16F7-4668-BE54-9A1E7A4F7556}") = "ProductsCrud.DataModel", "ProductsCrud.DataModel\ProductsCrud.DataModel.csproj", "{1435D0C4-B059-4618-B37F-502CA066F41D}"
EndProject
Global
	GlobalSection(SolutionConfigurationPlatforms) = preSolution
		Debug|Any CPU = Debug|Any CPU
		Release|Any CPU = Release|Any CPU
	EndGlobalSection
	GlobalSection(ProjectConfigurationPlatforms) = postSolution
		{57FDB45C-B881-49EF-BC48-380A76AD4E25}.Debug|Any CPU.ActiveCfg = Debug|Any CPU
		{57FDB45C-B881-49EF-BC48-380A76AD4E25}.Debug|Any CPU.Build.0 = Debug|Any CPU
		{57FDB45C-B881-49EF-BC48-380A76AD4E25}.Release|Any CPU.ActiveCfg = Release|Any CPU
		{57FDB45C-B881-49EF-BC48-380A76AD4E25}.Release|Any CPU.Build.0 = Release|Any CPU
		{1649E9FA-4D4B-44AB-83DA-DBBA959CC254}.Debug|Any CPU.ActiveCfg = Debug|Any CPU
		{1649E9FA-4D4B-44AB-83DA-DBBA959CC254}.Debug|Any CPU.Build.0 = Debug|Any CPU
		{1649E9FA-4D4B-44AB-83DA-DBBA959CC254}.Release|Any CPU.ActiveCfg = Release|Any CPU
		{1649E9FA-4D4B-44AB-83DA-DBBA959CC254}.Release|Any CPU.Build.0 = Release|Any CPU
		{1435D0C4-B059-4618-B37F-502CA066F41D}.Debug|Any CPU.ActiveCfg = Debug|Any CPU
		{1435D0C4-B059-4618-B37F-502CA066F41D}.Debug|Any CPU.Build.0 = Debug|Any CPU
		{1435D0C4-B059-4618-B37F-502CA066F41D}.Release|Any CPU.ActiveCfg = Release|Any CPU
		{1435D0C4-B059-4618-B37F-502CA066F41D}.Release|Any CPU.Build.0 = Release|Any CPU
	EndGlobalSection
	GlobalSection(SolutionProperties) = preSolution
		HideSolutionNode = FALSE
	EndGlobalSection
	GlobalSection(ExtensibilityGlobals) = postSolution
		SolutionGuid = {8159319B-6057-466B-BDD4-47BE98BEE02E}
	EndGlobalSection
EndGlobal
